
Microsoft Visual Studio Solution File, Format Version 12.00
# Visual Studio Version 17
VisualStudioVersion = 17.1.32414.318
MinimumVisualStudioVersion = 10.0.40219.1
Project("{9A19103F-16F7-4668-BE54-9A1E7A4F7556}") = "Console", "C#\Console\Console.csproj", "{6E916B6C-0EAE-4A9B-9781-8FE1DB6C33E1}"
EndProject
Project("{2150E333-8FDC-42A3-9474-1A3956D46DE8}") = "CSharp", "CSharp", "{7C15DD65-314B-45E4-96C2-B13DAD7FCAC9}"
EndProject
Project("{2150E333-8FDC-42A3-9474-1A3956D46DE8}") = "C", "C", "{06F5374E-787E-4C46-81E9-3973E60C41E4}"
EndProject
Project("{9A19103F-16F7-4668-BE54-9A1E7A4F7556}") = "Blazor-WebAssembly", "C#\Blazor-WebAssembly\Blazor-WebAssembly.csproj", "{A88A06ED-D0D6-459B-9D47-5185E4C337CB}"
EndProject
Project("{9A19103F-16F7-4668-BE54-9A1E7A4F7556}") = "WPF", "C#\WPF\WPF.csproj", "{3CF14998-7E44-4145-B3CA-F26DB00FC525}"
EndProject
Project("{8BC9CEB8-8B4A-11D0-8D11-00A0C91BC942}") = "Console", "C\Console\Console.vcxproj", "{DB958E29-7E4E-4516-A564-30C379B8C604}"
EndProject
Project("{2150E333-8FDC-42A3-9474-1A3956D46DE8}") = "Node", "Node", "{A805A7D6-3424-4A45-9B2C-9563DCA17B3E}"
EndProject
Project("{2150E333-8FDC-42A3-9474-1A3956D46DE8}") = "Python", "Python", "{138C5A0D-5F10-4CEA-9E55-6D58A8C05FDD}"
EndProject
Project("{888888A0-9F3D-457C-B088-3A5042F75D52}") = "Console", "python\Console\Console.pyproj", "{ADCD8D11-4B58-488E-B387-61CE24ED22B4}"
EndProject
Project("{9A19103F-16F7-4668-BE54-9A1E7A4F7556}") = "WebAPI", "C#\WebAPI\WebAPI.csproj", "{4FD4B98C-7590-4A6C-9215-176ABCA17760}"
EndProject
Project("{2150E333-8FDC-42A3-9474-1A3956D46DE8}") = "HTML", "HTML", "{CB91688F-CE0D-4F80-A229-EBB4404DA9C9}"
EndProject
Project("{E24C65DC-7377-472B-9ABA-BC803B73C61A}") = "JavaScript Libraries", "HTML\JavaScript Libraries\", "{9C43F014-8C9F-4461-A62E-C2C62EA7C12B}"
	ProjectSection(WebsiteProperties) = preProject
		TargetFrameworkMoniker = ".NETFramework,Version%3Dv4.8"
		Debug.AspNetCompiler.VirtualPath = "/localhost_56316"
		Debug.AspNetCompiler.PhysicalPath = "HTML\JavaScript Libraries\"
		Debug.AspNetCompiler.TargetPath = "PrecompiledWeb\localhost_56316\"
		Debug.AspNetCompiler.Updateable = "true"
		Debug.AspNetCompiler.ForceOverwrite = "true"
		Debug.AspNetCompiler.FixedNames = "false"
		Debug.AspNetCompiler.Debug = "True"
		Release.AspNetCompiler.VirtualPath = "/localhost_56316"
		Release.AspNetCompiler.PhysicalPath = "HTML\JavaScript Libraries\"
		Release.AspNetCompiler.TargetPath = "PrecompiledWeb\localhost_56316\"
		Release.AspNetCompiler.Updateable = "true"
		Release.AspNetCompiler.ForceOverwrite = "true"
		Release.AspNetCompiler.FixedNames = "false"
		Release.AspNetCompiler.Debug = "False"
		VWDPort = "56316"
		SlnRelativePath = "HTML\JavaScript Libraries\"
	EndProjectSection
EndProject
Project("{2150E333-8FDC-42A3-9474-1A3956D46DE8}") = "Web", "Web", "{32592AA1-1A02-45BB-A130-18C5E67EAB61}"
EndProject
Project("{2150E333-8FDC-42A3-9474-1A3956D46DE8}") = "Desktop", "Desktop", "{7BB9A646-FB97-4287-A289-5E60CF46A4BE}"
EndProject
Project("{9A19103F-16F7-4668-BE54-9A1E7A4F7556}") = "Blazor-MudBlazor", "C#\Blazor-MudBlazor\Blazor-MudBlazor.csproj", "{607E672C-DC17-4E48-BF5E-F098C706FC93}"
EndProject
Project("{9092AA53-FB77-4645-B42D-1CCCA6BD08BD}") = "SimpleNodeWebApp", "node\SimpleNodeWebApp\SimpleNodeWebApp.njsproj", "{F0C180E7-8BF8-46CB-95A1-E5981CFC71CB}"
EndProject
Project("{9092AA53-FB77-4645-B42D-1CCCA6BD08BD}") = "SimpleNodeConsoleApp", "node\SimpleNodeConsoleApp\SimpleNodeConsoleApp.njsproj", "{A92800F9-A381-40E8-B568-CF239B48ED4D}"
EndProject
Project("{2150E333-8FDC-42A3-9474-1A3956D46DE8}") = "Docs", "Docs", "{DB759259-EB20-4B6E-B82B-A56349F652DD}"
	ProjectSection(SolutionItems) = preProject
		python\Docs\Beginner's Python Cheat Sheet.pdf = python\Docs\Beginner's Python Cheat Sheet.pdf
	EndProjectSection
EndProject
Project("{2150E333-8FDC-42A3-9474-1A3956D46DE8}") = "Flutter", "Flutter", "{89392BE1-F4DF-4DAD-B1C3-5D40B7025CE5}"
EndProject
Project("{2150E333-8FDC-42A3-9474-1A3956D46DE8}") = "Android", "Android", "{83BDC69A-6A74-4DCB-A2BA-F53BCB6B3386}"
EndProject
Project("{2150E333-8FDC-42A3-9474-1A3956D46DE8}") = "Unity", "Unity", "{C098F34F-20AC-4233-A5F7-2495B6F3C6CD}"
EndProject
Project("{2150E333-8FDC-42A3-9474-1A3956D46DE8}") = "docs", "docs", "{72799B5D-70BD-47EA-89DD-94A99A448FA9}"
	ProjectSection(SolutionItems) = preProject
		android\Docs\Android Developer Fundamentals Course Concepts.pdf = android\Docs\Android Developer Fundamentals Course Concepts.pdf
	EndProjectSection
EndProject
Project("{2150E333-8FDC-42A3-9474-1A3956D46DE8}") = "docs", "docs", "{E5F127F3-2BC1-4FFA-8B75-4E59226CE3FA}"
	ProjectSection(SolutionItems) = preProject
		flutter\Docs\Flutter Libraries We Love.pdf = flutter\Docs\Flutter Libraries We Love.pdf
	EndProjectSection
EndProject
Project("{2150E333-8FDC-42A3-9474-1A3956D46DE8}") = "docs", "docs", "{3DCED0B8-BFD3-479B-ADC8-7AF9F574AE86}"
	ProjectSection(SolutionItems) = preProject
		unity\Docs\Unity For Human Beings.pdf = unity\Docs\Unity For Human Beings.pdf
	EndProjectSection
EndProject
Global
	GlobalSection(SolutionConfigurationPlatforms) = preSolution
		Debug|Any CPU = Debug|Any CPU
		Debug|x64 = Debug|x64
		Debug|x86 = Debug|x86
		Release|Any CPU = Release|Any CPU
		Release|x64 = Release|x64
		Release|x86 = Release|x86
	EndGlobalSection
	GlobalSection(ProjectConfigurationPlatforms) = postSolution
		{6E916B6C-0EAE-4A9B-9781-8FE1DB6C33E1}.Debug|Any CPU.ActiveCfg = Debug|Any CPU
		{6E916B6C-0EAE-4A9B-9781-8FE1DB6C33E1}.Debug|Any CPU.Build.0 = Debug|Any CPU
		{6E916B6C-0EAE-4A9B-9781-8FE1DB6C33E1}.Debug|x64.ActiveCfg = Debug|Any CPU
		{6E916B6C-0EAE-4A9B-9781-8FE1DB6C33E1}.Debug|x64.Build.0 = Debug|Any CPU
		{6E916B6C-0EAE-4A9B-9781-8FE1DB6C33E1}.Debug|x86.ActiveCfg = Debug|Any CPU
		{6E916B6C-0EAE-4A9B-9781-8FE1DB6C33E1}.Debug|x86.Build.0 = Debug|Any CPU
		{6E916B6C-0EAE-4A9B-9781-8FE1DB6C33E1}.Release|Any CPU.ActiveCfg = Release|Any CPU
		{6E916B6C-0EAE-4A9B-9781-8FE1DB6C33E1}.Release|Any CPU.Build.0 = Release|Any CPU
		{6E916B6C-0EAE-4A9B-9781-8FE1DB6C33E1}.Release|x64.ActiveCfg = Release|Any CPU
		{6E916B6C-0EAE-4A9B-9781-8FE1DB6C33E1}.Release|x64.Build.0 = Release|Any CPU
		{6E916B6C-0EAE-4A9B-9781-8FE1DB6C33E1}.Release|x86.ActiveCfg = Release|Any CPU
		{6E916B6C-0EAE-4A9B-9781-8FE1DB6C33E1}.Release|x86.Build.0 = Release|Any CPU
		{A88A06ED-D0D6-459B-9D47-5185E4C337CB}.Debug|Any CPU.ActiveCfg = Debug|Any CPU
		{A88A06ED-D0D6-459B-9D47-5185E4C337CB}.Debug|Any CPU.Build.0 = Debug|Any CPU
		{A88A06ED-D0D6-459B-9D47-5185E4C337CB}.Debug|x64.ActiveCfg = Debug|Any CPU
		{A88A06ED-D0D6-459B-9D47-5185E4C337CB}.Debug|x64.Build.0 = Debug|Any CPU
		{A88A06ED-D0D6-459B-9D47-5185E4C337CB}.Debug|x86.ActiveCfg = Debug|Any CPU
		{A88A06ED-D0D6-459B-9D47-5185E4C337CB}.Debug|x86.Build.0 = Debug|Any CPU
		{A88A06ED-D0D6-459B-9D47-5185E4C337CB}.Release|Any CPU.ActiveCfg = Release|Any CPU
		{A88A06ED-D0D6-459B-9D47-5185E4C337CB}.Release|Any CPU.Build.0 = Release|Any CPU
		{A88A06ED-D0D6-459B-9D47-5185E4C337CB}.Release|x64.ActiveCfg = Release|Any CPU
		{A88A06ED-D0D6-459B-9D47-5185E4C337CB}.Release|x64.Build.0 = Release|Any CPU
		{A88A06ED-D0D6-459B-9D47-5185E4C337CB}.Release|x86.ActiveCfg = Release|Any CPU
		{A88A06ED-D0D6-459B-9D47-5185E4C337CB}.Release|x86.Build.0 = Release|Any CPU
		{3CF14998-7E44-4145-B3CA-F26DB00FC525}.Debug|Any CPU.ActiveCfg = Debug|Any CPU
		{3CF14998-7E44-4145-B3CA-F26DB00FC525}.Debug|Any CPU.Build.0 = Debug|Any CPU
		{3CF14998-7E44-4145-B3CA-F26DB00FC525}.Debug|x64.ActiveCfg = Debug|Any CPU
		{3CF14998-7E44-4145-B3CA-F26DB00FC525}.Debug|x64.Build.0 = Debug|Any CPU
		{3CF14998-7E44-4145-B3CA-F26DB00FC525}.Debug|x86.ActiveCfg = Debug|Any CPU
		{3CF14998-7E44-4145-B3CA-F26DB00FC525}.Debug|x86.Build.0 = Debug|Any CPU
		{3CF14998-7E44-4145-B3CA-F26DB00FC525}.Release|Any CPU.ActiveCfg = Release|Any CPU
		{3CF14998-7E44-4145-B3CA-F26DB00FC525}.Release|Any CPU.Build.0 = Release|Any CPU
		{3CF14998-7E44-4145-B3CA-F26DB00FC525}.Release|x64.ActiveCfg = Release|Any CPU
		{3CF14998-7E44-4145-B3CA-F26DB00FC525}.Release|x64.Build.0 = Release|Any CPU
		{3CF14998-7E44-4145-B3CA-F26DB00FC525}.Release|x86.ActiveCfg = Release|Any CPU
		{3CF14998-7E44-4145-B3CA-F26DB00FC525}.Release|x86.Build.0 = Release|Any CPU
		{DB958E29-7E4E-4516-A564-30C379B8C604}.Debug|Any CPU.ActiveCfg = Debug|x64
		{DB958E29-7E4E-4516-A564-30C379B8C604}.Debug|Any CPU.Build.0 = Debug|x64
		{DB958E29-7E4E-4516-A564-30C379B8C604}.Debug|x64.ActiveCfg = Debug|x64
		{DB958E29-7E4E-4516-A564-30C379B8C604}.Debug|x64.Build.0 = Debug|x64
		{DB958E29-7E4E-4516-A564-30C379B8C604}.Debug|x86.ActiveCfg = Debug|Win32
		{DB958E29-7E4E-4516-A564-30C379B8C604}.Debug|x86.Build.0 = Debug|Win32
		{DB958E29-7E4E-4516-A564-30C379B8C604}.Release|Any CPU.ActiveCfg = Release|x64
		{DB958E29-7E4E-4516-A564-30C379B8C604}.Release|Any CPU.Build.0 = Release|x64
		{DB958E29-7E4E-4516-A564-30C379B8C604}.Release|x64.ActiveCfg = Release|x64
		{DB958E29-7E4E-4516-A564-30C379B8C604}.Release|x64.Build.0 = Release|x64
		{DB958E29-7E4E-4516-A564-30C379B8C604}.Release|x86.ActiveCfg = Release|Win32
		{DB958E29-7E4E-4516-A564-30C379B8C604}.Release|x86.Build.0 = Release|Win32
		{ADCD8D11-4B58-488E-B387-61CE24ED22B4}.Debug|Any CPU.ActiveCfg = Debug|Any CPU
		{ADCD8D11-4B58-488E-B387-61CE24ED22B4}.Debug|x64.ActiveCfg = Debug|Any CPU
		{ADCD8D11-4B58-488E-B387-61CE24ED22B4}.Debug|x86.ActiveCfg = Debug|Any CPU
		{ADCD8D11-4B58-488E-B387-61CE24ED22B4}.Release|Any CPU.ActiveCfg = Release|Any CPU
		{ADCD8D11-4B58-488E-B387-61CE24ED22B4}.Release|x64.ActiveCfg = Release|Any CPU
		{ADCD8D11-4B58-488E-B387-61CE24ED22B4}.Release|x86.ActiveCfg = Release|Any CPU
		{4FD4B98C-7590-4A6C-9215-176ABCA17760}.Debug|Any CPU.ActiveCfg = Debug|Any CPU
		{4FD4B98C-7590-4A6C-9215-176ABCA17760}.Debug|Any CPU.Build.0 = Debug|Any CPU
		{4FD4B98C-7590-4A6C-9215-176ABCA17760}.Debug|x64.ActiveCfg = Debug|Any CPU
		{4FD4B98C-7590-4A6C-9215-176ABCA17760}.Debug|x64.Build.0 = Debug|Any CPU
		{4FD4B98C-7590-4A6C-9215-176ABCA17760}.Debug|x86.ActiveCfg = Debug|Any CPU
		{4FD4B98C-7590-4A6C-9215-176ABCA17760}.Debug|x86.Build.0 = Debug|Any CPU
		{4FD4B98C-7590-4A6C-9215-176ABCA17760}.Release|Any CPU.ActiveCfg = Release|Any CPU
		{4FD4B98C-7590-4A6C-9215-176ABCA17760}.Release|Any CPU.Build.0 = Release|Any CPU
		{4FD4B98C-7590-4A6C-9215-176ABCA17760}.Release|x64.ActiveCfg = Release|Any CPU
		{4FD4B98C-7590-4A6C-9215-176ABCA17760}.Release|x64.Build.0 = Release|Any CPU
		{4FD4B98C-7590-4A6C-9215-176ABCA17760}.Release|x86.ActiveCfg = Release|Any CPU
		{4FD4B98C-7590-4A6C-9215-176ABCA17760}.Release|x86.Build.0 = Release|Any CPU
		{9C43F014-8C9F-4461-A62E-C2C62EA7C12B}.Debug|Any CPU.ActiveCfg = Debug|Any CPU
		{9C43F014-8C9F-4461-A62E-C2C62EA7C12B}.Debug|Any CPU.Build.0 = Debug|Any CPU
		{9C43F014-8C9F-4461-A62E-C2C62EA7C12B}.Debug|x64.ActiveCfg = Debug|Any CPU
		{9C43F014-8C9F-4461-A62E-C2C62EA7C12B}.Debug|x64.Build.0 = Debug|Any CPU
		{9C43F014-8C9F-4461-A62E-C2C62EA7C12B}.Debug|x86.ActiveCfg = Debug|Any CPU
		{9C43F014-8C9F-4461-A62E-C2C62EA7C12B}.Debug|x86.Build.0 = Debug|Any CPU
		{9C43F014-8C9F-4461-A62E-C2C62EA7C12B}.Release|Any CPU.ActiveCfg = Debug|Any CPU
		{9C43F014-8C9F-4461-A62E-C2C62EA7C12B}.Release|Any CPU.Build.0 = Debug|Any CPU
		{9C43F014-8C9F-4461-A62E-C2C62EA7C12B}.Release|x64.ActiveCfg = Debug|Any CPU
		{9C43F014-8C9F-4461-A62E-C2C62EA7C12B}.Release|x64.Build.0 = Debug|Any CPU
		{9C43F014-8C9F-4461-A62E-C2C62EA7C12B}.Release|x86.ActiveCfg = Debug|Any CPU
		{9C43F014-8C9F-4461-A62E-C2C62EA7C12B}.Release|x86.Build.0 = Debug|Any CPU
		{607E672C-DC17-4E48-BF5E-F098C706FC93}.Debug|Any CPU.ActiveCfg = Debug|Any CPU
		{607E672C-DC17-4E48-BF5E-F098C706FC93}.Debug|Any CPU.Build.0 = Debug|Any CPU
		{607E672C-DC17-4E48-BF5E-F098C706FC93}.Debug|x64.ActiveCfg = Debug|Any CPU
		{607E672C-DC17-4E48-BF5E-F098C706FC93}.Debug|x64.Build.0 = Debug|Any CPU
		{607E672C-DC17-4E48-BF5E-F098C706FC93}.Debug|x86.ActiveCfg = Debug|Any CPU
		{607E672C-DC17-4E48-BF5E-F098C706FC93}.Debug|x86.Build.0 = Debug|Any CPU
		{607E672C-DC17-4E48-BF5E-F098C706FC93}.Release|Any CPU.ActiveCfg = Release|Any CPU
		{607E672C-DC17-4E48-BF5E-F098C706FC93}.Release|Any CPU.Build.0 = Release|Any CPU
		{607E672C-DC17-4E48-BF5E-F098C706FC93}.Release|x64.ActiveCfg = Release|Any CPU
		{607E672C-DC17-4E48-BF5E-F098C706FC93}.Release|x64.Build.0 = Release|Any CPU
		{607E672C-DC17-4E48-BF5E-F098C706FC93}.Release|x86.ActiveCfg = Release|Any CPU
		{607E672C-DC17-4E48-BF5E-F098C706FC93}.Release|x86.Build.0 = Release|Any CPU
		{F0C180E7-8BF8-46CB-95A1-E5981CFC71CB}.Debug|Any CPU.ActiveCfg = Debug|Any CPU
		{F0C180E7-8BF8-46CB-95A1-E5981CFC71CB}.Debug|Any CPU.Build.0 = Debug|Any CPU
		{F0C180E7-8BF8-46CB-95A1-E5981CFC71CB}.Debug|x64.ActiveCfg = Debug|Any CPU
		{F0C180E7-8BF8-46CB-95A1-E5981CFC71CB}.Debug|x64.Build.0 = Debug|Any CPU
		{F0C180E7-8BF8-46CB-95A1-E5981CFC71CB}.Debug|x86.ActiveCfg = Debug|Any CPU
		{F0C180E7-8BF8-46CB-95A1-E5981CFC71CB}.Debug|x86.Build.0 = Debug|Any CPU
		{F0C180E7-8BF8-46CB-95A1-E5981CFC71CB}.Release|Any CPU.ActiveCfg = Release|Any CPU
		{F0C180E7-8BF8-46CB-95A1-E5981CFC71CB}.Release|Any CPU.Build.0 = Release|Any CPU
		{F0C180E7-8BF8-46CB-95A1-E5981CFC71CB}.Release|x64.ActiveCfg = Release|Any CPU
		{F0C180E7-8BF8-46CB-95A1-E5981CFC71CB}.Release|x64.Build.0 = Release|Any CPU
		{F0C180E7-8BF8-46CB-95A1-E5981CFC71CB}.Release|x86.ActiveCfg = Release|Any CPU
		{F0C180E7-8BF8-46CB-95A1-E5981CFC71CB}.Release|x86.Build.0 = Release|Any CPU
		{A92800F9-A381-40E8-B568-CF239B48ED4D}.Debug|Any CPU.ActiveCfg = Debug|Any CPU
		{A92800F9-A381-40E8-B568-CF239B48ED4D}.Debug|Any CPU.Build.0 = Debug|Any CPU
		{A92800F9-A381-40E8-B568-CF239B48ED4D}.Debug|x64.ActiveCfg = Debug|Any CPU
		{A92800F9-A381-40E8-B568-CF239B48ED4D}.Debug|x64.Build.0 = Debug|Any CPU
		{A92800F9-A381-40E8-B568-CF239B48ED4D}.Debug|x86.ActiveCfg = Debug|Any CPU
		{A92800F9-A381-40E8-B568-CF239B48ED4D}.Debug|x86.Build.0 = Debug|Any CPU
		{A92800F9-A381-40E8-B568-CF239B48ED4D}.Release|Any CPU.ActiveCfg = Release|Any CPU
		{A92800F9-A381-40E8-B568-CF239B48ED4D}.Release|Any CPU.Build.0 = Release|Any CPU
		{A92800F9-A381-40E8-B568-CF239B48ED4D}.Release|x64.ActiveCfg = Release|Any CPU
		{A92800F9-A381-40E8-B568-CF239B48ED4D}.Release|x64.Build.0 = Release|Any CPU
		{A92800F9-A381-40E8-B568-CF239B48ED4D}.Release|x86.ActiveCfg = Release|Any CPU
		{A92800F9-A381-40E8-B568-CF239B48ED4D}.Release|x86.Build.0 = Release|Any CPU
	EndGlobalSection
	GlobalSection(SolutionProperties) = preSolution
		HideSolutionNode = FALSE
	EndGlobalSection
	GlobalSection(NestedProjects) = preSolution
		{6E916B6C-0EAE-4A9B-9781-8FE1DB6C33E1} = {7BB9A646-FB97-4287-A289-5E60CF46A4BE}
		{A88A06ED-D0D6-459B-9D47-5185E4C337CB} = {32592AA1-1A02-45BB-A130-18C5E67EAB61}
		{3CF14998-7E44-4145-B3CA-F26DB00FC525} = {7BB9A646-FB97-4287-A289-5E60CF46A4BE}
		{DB958E29-7E4E-4516-A564-30C379B8C604} = {06F5374E-787E-4C46-81E9-3973E60C41E4}
		{ADCD8D11-4B58-488E-B387-61CE24ED22B4} = {138C5A0D-5F10-4CEA-9E55-6D58A8C05FDD}
		{4FD4B98C-7590-4A6C-9215-176ABCA17760} = {32592AA1-1A02-45BB-A130-18C5E67EAB61}
		{9C43F014-8C9F-4461-A62E-C2C62EA7C12B} = {CB91688F-CE0D-4F80-A229-EBB4404DA9C9}
		{32592AA1-1A02-45BB-A130-18C5E67EAB61} = {7C15DD65-314B-45E4-96C2-B13DAD7FCAC9}
		{7BB9A646-FB97-4287-A289-5E60CF46A4BE} = {7C15DD65-314B-45E4-96C2-B13DAD7FCAC9}
		{607E672C-DC17-4E48-BF5E-F098C706FC93} = {32592AA1-1A02-45BB-A130-18C5E67EAB61}
		{F0C180E7-8BF8-46CB-95A1-E5981CFC71CB} = {A805A7D6-3424-4A45-9B2C-9563DCA17B3E}
		{A92800F9-A381-40E8-B568-CF239B48ED4D} = {A805A7D6-3424-4A45-9B2C-9563DCA17B3E}
		{DB759259-EB20-4B6E-B82B-A56349F652DD} = {138C5A0D-5F10-4CEA-9E55-6D58A8C05FDD}
		{72799B5D-70BD-47EA-89DD-94A99A448FA9} = {83BDC69A-6A74-4DCB-A2BA-F53BCB6B3386}
		{E5F127F3-2BC1-4FFA-8B75-4E59226CE3FA} = {89392BE1-F4DF-4DAD-B1C3-5D40B7025CE5}
		{3DCED0B8-BFD3-479B-ADC8-7AF9F574AE86} = {C098F34F-20AC-4233-A5F7-2495B6F3C6CD}
	EndGlobalSection
	GlobalSection(ExtensibilityGlobals) = postSolution
		SolutionGuid = {1261CE14-959C-4117-9C88-F0CB1185CD01}
	EndGlobalSection
EndGlobal
