
Microsoft Visual Studio Solution File, Format Version 12.00
# Visual Studio Version 17
VisualStudioVersion = 17.5.33502.453
MinimumVisualStudioVersion = 10.0.40219.1
Project("{9A19103F-16F7-4668-BE54-9A1E7A4F7556}") = "my-new-app", "my-new-app.csproj", "{C5FDB1CD-383C-4DED-9AAC-7F4A11541CA8}"
EndProject
Global
	GlobalSection(SolutionConfigurationPlatforms) = preSolution
		Debug|Any CPU = Debug|Any CPU
		Release|Any CPU = Release|Any CPU
	EndGlobalSection
	GlobalSection(ProjectConfigurationPlatforms) = postSolution
		{C5FDB1CD-383C-4DED-9AAC-7F4A11541CA8}.Debug|Any CPU.ActiveCfg = Debug|Any CPU
		{C5FDB1CD-383C-4DED-9AAC-7F4A11541CA8}.Debug|Any CPU.Build.0 = Debug|Any CPU
		{C5FDB1CD-383C-4DED-9AAC-7F4A11541CA8}.Release|Any CPU.ActiveCfg = Release|Any CPU
		{C5FDB1CD-383C-4DED-9AAC-7F4A11541CA8}.Release|Any CPU.Build.0 = Release|Any CPU
	EndGlobalSection
	GlobalSection(SolutionProperties) = preSolution
		HideSolutionNode = FALSE
	EndGlobalSection
	GlobalSection(ExtensibilityGlobals) = postSolution
		SolutionGuid = {22921BE3-1B4B-44F6-BB79-71EBEE42CCD1}
	EndGlobalSection
EndGlobal
